
Microsoft Visual Studio Solution File, Format Version 12.00
# Visual Studio Version 16
VisualStudioVersion = 16.0.29920.165
MinimumVisualStudioVersion = 10.0.40219.1
Project("{FAE04EC0-301F-11D3-BF4B-00C04F79EFBC}") = "ООП 1", "ООП 1\ООП 1.csproj", "{C2F901E9-2CAF-4898-A23D-E906A7EB9159}"
EndProject
Global
	GlobalSection(SolutionConfigurationPlatforms) = preSolution
		Debug|Any CPU = Debug|Any CPU
		Release|Any CPU = Release|Any CPU
	EndGlobalSection
	GlobalSection(ProjectConfigurationPlatforms) = postSolution
		{C2F901E9-2CAF-4898-A23D-E906A7EB9159}.Debug|Any CPU.ActiveCfg = Debug|Any CPU
		{C2F901E9-2CAF-4898-A23D-E906A7EB9159}.Debug|Any CPU.Build.0 = Debug|Any CPU
		{C2F901E9-2CAF-4898-A23D-E906A7EB9159}.Release|Any CPU.ActiveCfg = Release|Any CPU
		{C2F901E9-2CAF-4898-A23D-E906A7EB9159}.Release|Any CPU.Build.0 = Release|Any CPU
	EndGlobalSection
	GlobalSection(SolutionProperties) = preSolution
		HideSolutionNode = FALSE
	EndGlobalSection
	GlobalSection(ExtensibilityGlobals) = postSolution
		SolutionGuid = {054AB050-19C6-4FAD-8CED-BBA5C03B63CF}
	EndGlobalSection
EndGlobal
